
Microsoft Visual Studio Solution File, Format Version 12.00
# Visual Studio Version 17
VisualStudioVersion = 17.6.33829.357
MinimumVisualStudioVersion = 10.0.40219.1
Project("{9A19103F-16F7-4668-BE54-9A1E7A4F7556}") = "Hangman", "Hangman\Hangman.csproj", "{57C79381-75F2-4E8F-9B5F-B4B552724338}"
EndProject
Project("{FAE04EC0-301F-11D3-BF4B-00C04F79EFBC}") = "Hangman_Tests", "Hangman_Tests\Hangman_Tests.csproj", "{936DFA54-9019-4728-A2DB-B8E95E8F6F12}"
EndProject
Global
	GlobalSection(SolutionConfigurationPlatforms) = preSolution
		Debug|Any CPU = Debug|Any CPU
		Release|Any CPU = Release|Any CPU
	EndGlobalSection
	GlobalSection(ProjectConfigurationPlatforms) = postSolution
		{57C79381-75F2-4E8F-9B5F-B4B552724338}.Debug|Any CPU.ActiveCfg = Debug|Any CPU
		{57C79381-75F2-4E8F-9B5F-B4B552724338}.Debug|Any CPU.Build.0 = Debug|Any CPU
		{57C79381-75F2-4E8F-9B5F-B4B552724338}.Release|Any CPU.ActiveCfg = Release|Any CPU
		{57C79381-75F2-4E8F-9B5F-B4B552724338}.Release|Any CPU.Build.0 = Release|Any CPU
		{936DFA54-9019-4728-A2DB-B8E95E8F6F12}.Debug|Any CPU.ActiveCfg = Debug|Any CPU
		{936DFA54-9019-4728-A2DB-B8E95E8F6F12}.Debug|Any CPU.Build.0 = Debug|Any CPU
		{936DFA54-9019-4728-A2DB-B8E95E8F6F12}.Release|Any CPU.ActiveCfg = Release|Any CPU
		{936DFA54-9019-4728-A2DB-B8E95E8F6F12}.Release|Any CPU.Build.0 = Release|Any CPU
	EndGlobalSection
	GlobalSection(SolutionProperties) = preSolution
		HideSolutionNode = FALSE
	EndGlobalSection
	GlobalSection(ExtensibilityGlobals) = postSolution
		SolutionGuid = {2D098A59-2BDC-46DC-AF20-4B08B49FF78E}
	EndGlobalSection
EndGlobal
